
Microsoft Visual Studio Solution File, Format Version 12.00
# Visual Studio Version 17
VisualStudioVersion = 17.14.36310.24 d17.14
MinimumVisualStudioVersion = 10.0.40219.1
Project("{FAE04EC0-301F-11D3-BF4B-00C04F79EFBC}") = "wepapp", "wepapp\wepapp.csproj", "{24598655-575C-4E5E-9F65-DD5902C6DE34}"
EndProject
Global
	GlobalSection(SolutionConfigurationPlatforms) = preSolution
		Debug|Any CPU = Debug|Any CPU
		Release|Any CPU = Release|Any CPU
	EndGlobalSection
	GlobalSection(ProjectConfigurationPlatforms) = postSolution
		{24598655-575C-4E5E-9F65-DD5902C6DE34}.Debug|Any CPU.ActiveCfg = Debug|Any CPU
		{24598655-575C-4E5E-9F65-DD5902C6DE34}.Debug|Any CPU.Build.0 = Debug|Any CPU
		{24598655-575C-4E5E-9F65-DD5902C6DE34}.Release|Any CPU.ActiveCfg = Release|Any CPU
		{24598655-575C-4E5E-9F65-DD5902C6DE34}.Release|Any CPU.Build.0 = Release|Any CPU
	EndGlobalSection
	GlobalSection(SolutionProperties) = preSolution
		HideSolutionNode = FALSE
	EndGlobalSection
	GlobalSection(ExtensibilityGlobals) = postSolution
		SolutionGuid = {A0C2F6C4-B5DA-46A0-A07E-BF09D4C5BC49}
	EndGlobalSection
EndGlobal
